
Microsoft Visual Studio Solution File, Format Version 12.00
Project("{2150E333-8FDC-42A3-9474-1A3956D46DE8}") = "src", "src", "{AFCDEB30-DD53-470A-9419-27185892AACA}"
EndProject
Project("{2150E333-8FDC-42A3-9474-1A3956D46DE8}") = "Aspire", "Aspire", "{52D9806D-513A-4C71-BCF8-59FE7A6C68F0}"
EndProject
Project("{FAE04EC0-301F-11D3-BF4B-00C04F79EFBC}") = "RediExpress.AppHost", "RediExpress.AppHost\RediExpress.AppHost.csproj", "{459F005A-7A90-4087-B8B0-A3548EA37E8B}"
EndProject
Project("{FAE04EC0-301F-11D3-BF4B-00C04F79EFBC}") = "RediExpress.Host", "RediExpress.Host\RediExpress.Host.csproj", "{2DDCB578-EDF4-4C25-8448-92D05BEDE057}"
EndProject
Project("{FAE04EC0-301F-11D3-BF4B-00C04F79EFBC}") = "RediExpress.Core", "RediExpress.Core\RediExpress.Core.csproj", "{32B7C12B-8F21-465D-A497-43F4456EEE78}"
EndProject
Project("{FAE04EC0-301F-11D3-BF4B-00C04F79EFBC}") = "RediExpress.Application", "RediExpress.Application\RediExpress.Application.csproj", "{EE389FA8-4089-4911-BC2A-037744540620}"
EndProject
Project("{2150E333-8FDC-42A3-9474-1A3956D46DE8}") = "Infrastructure", "Infrastructure", "{507056E0-590F-441A-84EF-E676CE26EDC1}"
EndProject
Project("{FAE04EC0-301F-11D3-BF4B-00C04F79EFBC}") = "RediExpress.Auth", "RediExpress.Auth\RediExpress.Auth.csproj", "{4597D2EB-16DB-4067-A1A5-89A9B1321A61}"
EndProject
Project("{FAE04EC0-301F-11D3-BF4B-00C04F79EFBC}") = "RediExpress.PostgreSql", "RediExpress.PostgreSql\RediExpress.PostgreSql.csproj", "{E73EBC32-F225-4B5D-BEF3-B412FC63026B}"
EndProject
Project("{FAE04EC0-301F-11D3-BF4B-00C04F79EFBC}") = "RediExpress.PostgreSql.MigrationService", "RediExpress.PostgreSql.MigrationService\RediExpress.PostgreSql.MigrationService.csproj", "{63324E41-8580-489C-B562-1F5F6858B38C}"
EndProject
Global
	GlobalSection(SolutionConfigurationPlatforms) = preSolution
		Debug|Any CPU = Debug|Any CPU
		Release|Any CPU = Release|Any CPU
	EndGlobalSection
	GlobalSection(NestedProjects) = preSolution
		{52D9806D-513A-4C71-BCF8-59FE7A6C68F0} = {AFCDEB30-DD53-470A-9419-27185892AACA}
		{459F005A-7A90-4087-B8B0-A3548EA37E8B} = {52D9806D-513A-4C71-BCF8-59FE7A6C68F0}
		{2DDCB578-EDF4-4C25-8448-92D05BEDE057} = {AFCDEB30-DD53-470A-9419-27185892AACA}
		{32B7C12B-8F21-465D-A497-43F4456EEE78} = {AFCDEB30-DD53-470A-9419-27185892AACA}
		{507056E0-590F-441A-84EF-E676CE26EDC1} = {AFCDEB30-DD53-470A-9419-27185892AACA}
		{4597D2EB-16DB-4067-A1A5-89A9B1321A61} = {507056E0-590F-441A-84EF-E676CE26EDC1}
		{E73EBC32-F225-4B5D-BEF3-B412FC63026B} = {507056E0-590F-441A-84EF-E676CE26EDC1}
		{63324E41-8580-489C-B562-1F5F6858B38C} = {507056E0-590F-441A-84EF-E676CE26EDC1}
		{EE389FA8-4089-4911-BC2A-037744540620} = {AFCDEB30-DD53-470A-9419-27185892AACA}
	EndGlobalSection
	GlobalSection(ProjectConfigurationPlatforms) = postSolution
		{459F005A-7A90-4087-B8B0-A3548EA37E8B}.Debug|Any CPU.ActiveCfg = Debug|Any CPU
		{459F005A-7A90-4087-B8B0-A3548EA37E8B}.Debug|Any CPU.Build.0 = Debug|Any CPU
		{459F005A-7A90-4087-B8B0-A3548EA37E8B}.Release|Any CPU.ActiveCfg = Release|Any CPU
		{459F005A-7A90-4087-B8B0-A3548EA37E8B}.Release|Any CPU.Build.0 = Release|Any CPU
		{2DDCB578-EDF4-4C25-8448-92D05BEDE057}.Debug|Any CPU.ActiveCfg = Debug|Any CPU
		{2DDCB578-EDF4-4C25-8448-92D05BEDE057}.Debug|Any CPU.Build.0 = Debug|Any CPU
		{2DDCB578-EDF4-4C25-8448-92D05BEDE057}.Release|Any CPU.ActiveCfg = Release|Any CPU
		{2DDCB578-EDF4-4C25-8448-92D05BEDE057}.Release|Any CPU.Build.0 = Release|Any CPU
		{32B7C12B-8F21-465D-A497-43F4456EEE78}.Debug|Any CPU.ActiveCfg = Debug|Any CPU
		{32B7C12B-8F21-465D-A497-43F4456EEE78}.Debug|Any CPU.Build.0 = Debug|Any CPU
		{32B7C12B-8F21-465D-A497-43F4456EEE78}.Release|Any CPU.ActiveCfg = Release|Any CPU
		{32B7C12B-8F21-465D-A497-43F4456EEE78}.Release|Any CPU.Build.0 = Release|Any CPU
		{EE389FA8-4089-4911-BC2A-037744540620}.Debug|Any CPU.ActiveCfg = Debug|Any CPU
		{EE389FA8-4089-4911-BC2A-037744540620}.Debug|Any CPU.Build.0 = Debug|Any CPU
		{EE389FA8-4089-4911-BC2A-037744540620}.Release|Any CPU.ActiveCfg = Release|Any CPU
		{EE389FA8-4089-4911-BC2A-037744540620}.Release|Any CPU.Build.0 = Release|Any CPU
		{4597D2EB-16DB-4067-A1A5-89A9B1321A61}.Debug|Any CPU.ActiveCfg = Debug|Any CPU
		{4597D2EB-16DB-4067-A1A5-89A9B1321A61}.Debug|Any CPU.Build.0 = Debug|Any CPU
		{4597D2EB-16DB-4067-A1A5-89A9B1321A61}.Release|Any CPU.ActiveCfg = Release|Any CPU
		{4597D2EB-16DB-4067-A1A5-89A9B1321A61}.Release|Any CPU.Build.0 = Release|Any CPU
		{E73EBC32-F225-4B5D-BEF3-B412FC63026B}.Debug|Any CPU.ActiveCfg = Debug|Any CPU
		{E73EBC32-F225-4B5D-BEF3-B412FC63026B}.Debug|Any CPU.Build.0 = Debug|Any CPU
		{E73EBC32-F225-4B5D-BEF3-B412FC63026B}.Release|Any CPU.ActiveCfg = Release|Any CPU
		{E73EBC32-F225-4B5D-BEF3-B412FC63026B}.Release|Any CPU.Build.0 = Release|Any CPU
		{63324E41-8580-489C-B562-1F5F6858B38C}.Debug|Any CPU.ActiveCfg = Debug|Any CPU
		{63324E41-8580-489C-B562-1F5F6858B38C}.Debug|Any CPU.Build.0 = Debug|Any CPU
		{63324E41-8580-489C-B562-1F5F6858B38C}.Release|Any CPU.ActiveCfg = Release|Any CPU
		{63324E41-8580-489C-B562-1F5F6858B38C}.Release|Any CPU.Build.0 = Release|Any CPU
	EndGlobalSection
EndGlobal
