
Microsoft Visual Studio Solution File, Format Version 12.00
Project("{2150E333-8FDC-42A3-9474-1A3956D46DE8}") = "src", "src", "{AFCDEB30-DD53-470A-9419-27185892AACA}"
	ProjectSection(SolutionItems) = preProject
		.gitignore = .gitignore
		Dockerfile = Dockerfile
	EndProjectSection
EndProject
Project("{2150E333-8FDC-42A3-9474-1A3956D46DE8}") = "Aspire", "Aspire", "{52D9806D-513A-4C71-BCF8-59FE7A6C68F0}"
EndProject
Project("{FAE04EC0-301F-11D3-BF4B-00C04F79EFBC}") = "RediExpress.AppHost", "RediExpress.AppHost\RediExpress.AppHost.csproj", "{459F005A-7A90-4087-B8B0-A3548EA37E8B}"
EndProject
Project("{FAE04EC0-301F-11D3-BF4B-00C04F79EFBC}") = "RediExpress.Host", "RediExpress.Host\RediExpress.Host.csproj", "{2DDCB578-EDF4-4C25-8448-92D05BEDE057}"
EndProject
Project("{FAE04EC0-301F-11D3-BF4B-00C04F79EFBC}") = "RediExpress.Core", "RediExpress.Core\RediExpress.Core.csproj", "{32B7C12B-8F21-465D-A497-43F4456EEE78}"
EndProject
Project("{FAE04EC0-301F-11D3-BF4B-00C04F79EFBC}") = "RediExpress.Application", "RediExpress.Application\RediExpress.Application.csproj", "{EE389FA8-4089-4911-BC2A-037744540620}"
EndProject
Project("{2150E333-8FDC-42A3-9474-1A3956D46DE8}") = "Infrastructure", "Infrastructure", "{507056E0-590F-441A-84EF-E676CE26EDC1}"
EndProject
Project("{FAE04EC0-301F-11D3-BF4B-00C04F79EFBC}") = "RediExpress.Auth", "RediExpress.Auth\RediExpress.Auth.csproj", "{4597D2EB-16DB-4067-A1A5-89A9B1321A61}"
EndProject
Project("{FAE04EC0-301F-11D3-BF4B-00C04F79EFBC}") = "RediExpress.PostgreSql", "RediExpress.PostgreSql\RediExpress.PostgreSql.csproj", "{E73EBC32-F225-4B5D-BEF3-B412FC63026B}"
EndProject
Project("{FAE04EC0-301F-11D3-BF4B-00C04F79EFBC}") = "RediExpress.PostgreSql.MigrationService", "RediExpress.PostgreSql.MigrationService\RediExpress.PostgreSql.MigrationService.csproj", "{63324E41-8580-489C-B562-1F5F6858B38C}"
EndProject
Project("{FAE04EC0-301F-11D3-BF4B-00C04F79EFBC}") = "RediExpress.EmailService", "RediExpress.EmailService\RediExpress.EmailService.csproj", "{D65FE46D-A18F-48E9-9C48-5EE3EA3FBB66}"
EndProject
Project("{FAE04EC0-301F-11D3-BF4B-00C04F79EFBC}") = "RediExpress.GeoService", "RediExpress.GeoService\RediExpress.GeoService.csproj", "{4602B30E-8EE6-429A-994D-01A34D21DD71}"
EndProject
Project("{2150E333-8FDC-42A3-9474-1A3956D46DE8}") = "test", "test", "{175BC1A9-A476-406F-AB4D-5C23E2FB8375}"
EndProject
Project("{FAE04EC0-301F-11D3-BF4B-00C04F79EFBC}") = "TestProject", "TestProject\TestProject.csproj", "{BC067AB7-4022-4AA4-8CC7-029C22310980}"
EndProject
Project("{FAE04EC0-301F-11D3-BF4B-00C04F79EFBC}") = "RediExpress.WeatherService", "RediExpress.WeatherService\RediExpress.WeatherService.csproj", "{6A836602-374D-42C8-9705-66E65CEB6F45}"
EndProject
Project("{FAE04EC0-301F-11D3-BF4B-00C04F79EFBC}") = "RediExpress.Redis", "RediExpress.Redis\RediExpress.Redis.csproj", "{8FB896B1-2AD1-4803-9EA6-8DC61290B3AE}"
EndProject
Project("{FAE04EC0-301F-11D3-BF4B-00C04F79EFBC}") = "RediExpress.Contracts", "RediExpress.Contracts\RediExpress.Contracts.csproj", "{1E8F4303-110E-4EE6-9B48-6FB6CFEDE3BB}"
EndProject
Global
	GlobalSection(SolutionConfigurationPlatforms) = preSolution
		Debug|Any CPU = Debug|Any CPU
		Release|Any CPU = Release|Any CPU
	EndGlobalSection
	GlobalSection(NestedProjects) = preSolution
		{52D9806D-513A-4C71-BCF8-59FE7A6C68F0} = {AFCDEB30-DD53-470A-9419-27185892AACA}
		{459F005A-7A90-4087-B8B0-A3548EA37E8B} = {52D9806D-513A-4C71-BCF8-59FE7A6C68F0}
		{2DDCB578-EDF4-4C25-8448-92D05BEDE057} = {AFCDEB30-DD53-470A-9419-27185892AACA}
		{32B7C12B-8F21-465D-A497-43F4456EEE78} = {AFCDEB30-DD53-470A-9419-27185892AACA}
		{507056E0-590F-441A-84EF-E676CE26EDC1} = {AFCDEB30-DD53-470A-9419-27185892AACA}
		{4597D2EB-16DB-4067-A1A5-89A9B1321A61} = {507056E0-590F-441A-84EF-E676CE26EDC1}
		{E73EBC32-F225-4B5D-BEF3-B412FC63026B} = {507056E0-590F-441A-84EF-E676CE26EDC1}
		{63324E41-8580-489C-B562-1F5F6858B38C} = {507056E0-590F-441A-84EF-E676CE26EDC1}
		{EE389FA8-4089-4911-BC2A-037744540620} = {AFCDEB30-DD53-470A-9419-27185892AACA}
		{D65FE46D-A18F-48E9-9C48-5EE3EA3FBB66} = {507056E0-590F-441A-84EF-E676CE26EDC1}
		{4602B30E-8EE6-429A-994D-01A34D21DD71} = {507056E0-590F-441A-84EF-E676CE26EDC1}
		{BC067AB7-4022-4AA4-8CC7-029C22310980} = {175BC1A9-A476-406F-AB4D-5C23E2FB8375}
		{6A836602-374D-42C8-9705-66E65CEB6F45} = {507056E0-590F-441A-84EF-E676CE26EDC1}
		{8FB896B1-2AD1-4803-9EA6-8DC61290B3AE} = {507056E0-590F-441A-84EF-E676CE26EDC1}
		{1E8F4303-110E-4EE6-9B48-6FB6CFEDE3BB} = {AFCDEB30-DD53-470A-9419-27185892AACA}
	EndGlobalSection
	GlobalSection(ProjectConfigurationPlatforms) = postSolution
		{459F005A-7A90-4087-B8B0-A3548EA37E8B}.Debug|Any CPU.ActiveCfg = Debug|Any CPU
		{459F005A-7A90-4087-B8B0-A3548EA37E8B}.Debug|Any CPU.Build.0 = Debug|Any CPU
		{459F005A-7A90-4087-B8B0-A3548EA37E8B}.Release|Any CPU.ActiveCfg = Release|Any CPU
		{459F005A-7A90-4087-B8B0-A3548EA37E8B}.Release|Any CPU.Build.0 = Release|Any CPU
		{2DDCB578-EDF4-4C25-8448-92D05BEDE057}.Debug|Any CPU.ActiveCfg = Debug|Any CPU
		{2DDCB578-EDF4-4C25-8448-92D05BEDE057}.Debug|Any CPU.Build.0 = Debug|Any CPU
		{2DDCB578-EDF4-4C25-8448-92D05BEDE057}.Release|Any CPU.ActiveCfg = Release|Any CPU
		{2DDCB578-EDF4-4C25-8448-92D05BEDE057}.Release|Any CPU.Build.0 = Release|Any CPU
		{32B7C12B-8F21-465D-A497-43F4456EEE78}.Debug|Any CPU.ActiveCfg = Debug|Any CPU
		{32B7C12B-8F21-465D-A497-43F4456EEE78}.Debug|Any CPU.Build.0 = Debug|Any CPU
		{32B7C12B-8F21-465D-A497-43F4456EEE78}.Release|Any CPU.ActiveCfg = Release|Any CPU
		{32B7C12B-8F21-465D-A497-43F4456EEE78}.Release|Any CPU.Build.0 = Release|Any CPU
		{EE389FA8-4089-4911-BC2A-037744540620}.Debug|Any CPU.ActiveCfg = Debug|Any CPU
		{EE389FA8-4089-4911-BC2A-037744540620}.Debug|Any CPU.Build.0 = Debug|Any CPU
		{EE389FA8-4089-4911-BC2A-037744540620}.Release|Any CPU.ActiveCfg = Release|Any CPU
		{EE389FA8-4089-4911-BC2A-037744540620}.Release|Any CPU.Build.0 = Release|Any CPU
		{4597D2EB-16DB-4067-A1A5-89A9B1321A61}.Debug|Any CPU.ActiveCfg = Debug|Any CPU
		{4597D2EB-16DB-4067-A1A5-89A9B1321A61}.Debug|Any CPU.Build.0 = Debug|Any CPU
		{4597D2EB-16DB-4067-A1A5-89A9B1321A61}.Release|Any CPU.ActiveCfg = Release|Any CPU
		{4597D2EB-16DB-4067-A1A5-89A9B1321A61}.Release|Any CPU.Build.0 = Release|Any CPU
		{E73EBC32-F225-4B5D-BEF3-B412FC63026B}.Debug|Any CPU.ActiveCfg = Debug|Any CPU
		{E73EBC32-F225-4B5D-BEF3-B412FC63026B}.Debug|Any CPU.Build.0 = Debug|Any CPU
		{E73EBC32-F225-4B5D-BEF3-B412FC63026B}.Release|Any CPU.ActiveCfg = Release|Any CPU
		{E73EBC32-F225-4B5D-BEF3-B412FC63026B}.Release|Any CPU.Build.0 = Release|Any CPU
		{63324E41-8580-489C-B562-1F5F6858B38C}.Debug|Any CPU.ActiveCfg = Debug|Any CPU
		{63324E41-8580-489C-B562-1F5F6858B38C}.Debug|Any CPU.Build.0 = Debug|Any CPU
		{63324E41-8580-489C-B562-1F5F6858B38C}.Release|Any CPU.ActiveCfg = Release|Any CPU
		{63324E41-8580-489C-B562-1F5F6858B38C}.Release|Any CPU.Build.0 = Release|Any CPU
		{D65FE46D-A18F-48E9-9C48-5EE3EA3FBB66}.Debug|Any CPU.ActiveCfg = Debug|Any CPU
		{D65FE46D-A18F-48E9-9C48-5EE3EA3FBB66}.Debug|Any CPU.Build.0 = Debug|Any CPU
		{D65FE46D-A18F-48E9-9C48-5EE3EA3FBB66}.Release|Any CPU.ActiveCfg = Release|Any CPU
		{D65FE46D-A18F-48E9-9C48-5EE3EA3FBB66}.Release|Any CPU.Build.0 = Release|Any CPU
		{4602B30E-8EE6-429A-994D-01A34D21DD71}.Debug|Any CPU.ActiveCfg = Debug|Any CPU
		{4602B30E-8EE6-429A-994D-01A34D21DD71}.Debug|Any CPU.Build.0 = Debug|Any CPU
		{4602B30E-8EE6-429A-994D-01A34D21DD71}.Release|Any CPU.ActiveCfg = Release|Any CPU
		{4602B30E-8EE6-429A-994D-01A34D21DD71}.Release|Any CPU.Build.0 = Release|Any CPU
		{BC067AB7-4022-4AA4-8CC7-029C22310980}.Debug|Any CPU.ActiveCfg = Debug|Any CPU
		{BC067AB7-4022-4AA4-8CC7-029C22310980}.Debug|Any CPU.Build.0 = Debug|Any CPU
		{BC067AB7-4022-4AA4-8CC7-029C22310980}.Release|Any CPU.ActiveCfg = Release|Any CPU
		{BC067AB7-4022-4AA4-8CC7-029C22310980}.Release|Any CPU.Build.0 = Release|Any CPU
		{6A836602-374D-42C8-9705-66E65CEB6F45}.Debug|Any CPU.ActiveCfg = Debug|Any CPU
		{6A836602-374D-42C8-9705-66E65CEB6F45}.Debug|Any CPU.Build.0 = Debug|Any CPU
		{6A836602-374D-42C8-9705-66E65CEB6F45}.Release|Any CPU.ActiveCfg = Release|Any CPU
		{6A836602-374D-42C8-9705-66E65CEB6F45}.Release|Any CPU.Build.0 = Release|Any CPU
		{8FB896B1-2AD1-4803-9EA6-8DC61290B3AE}.Debug|Any CPU.ActiveCfg = Debug|Any CPU
		{8FB896B1-2AD1-4803-9EA6-8DC61290B3AE}.Debug|Any CPU.Build.0 = Debug|Any CPU
		{8FB896B1-2AD1-4803-9EA6-8DC61290B3AE}.Release|Any CPU.ActiveCfg = Release|Any CPU
		{8FB896B1-2AD1-4803-9EA6-8DC61290B3AE}.Release|Any CPU.Build.0 = Release|Any CPU
		{1E8F4303-110E-4EE6-9B48-6FB6CFEDE3BB}.Debug|Any CPU.ActiveCfg = Debug|Any CPU
		{1E8F4303-110E-4EE6-9B48-6FB6CFEDE3BB}.Debug|Any CPU.Build.0 = Debug|Any CPU
		{1E8F4303-110E-4EE6-9B48-6FB6CFEDE3BB}.Release|Any CPU.ActiveCfg = Release|Any CPU
		{1E8F4303-110E-4EE6-9B48-6FB6CFEDE3BB}.Release|Any CPU.Build.0 = Release|Any CPU
	EndGlobalSection
EndGlobal
